// !$*UTF8*$!
{
	archiveVersion = 1;
	classes = {
	};
	objectVersion = 50;
	objects = {

/* Begin PBXBuildFile section */
		BF6E2A1A2543BC8B00AF7751 /* AppDelegate.swift in Sources */ = {isa = PBXBuildFile; fileRef = BF6E2A192543BC8B00AF7751 /* AppDelegate.swift */; };
		BF6E2A1C2543BC8B00AF7751 /* SceneDelegate.swift in Sources */ = {isa = PBXBuildFile; fileRef = BF6E2A1B2543BC8B00AF7751 /* SceneDelegate.swift */; };
		BF6E2A1E2543BC8B00AF7751 /* ViewController.swift in Sources */ = {isa = PBXBuildFile; fileRef = BF6E2A1D2543BC8B00AF7751 /* ViewController.swift */; };
		BF6E2A212543BC8B00AF7751 /* Main.storyboard in Resources */ = {isa = PBXBuildFile; fileRef = BF6E2A1F2543BC8B00AF7751 /* Main.storyboard */; };
		BF6E2A232543BC8D00AF7751 /* Assets.xcassets in Resources */ = {isa = PBXBuildFile; fileRef = BF6E2A222543BC8D00AF7751 /* Assets.xcassets */; };
		BF6E2A262543BC8D00AF7751 /* LaunchScreen.storyboard in Resources */ = {isa = PBXBuildFile; fileRef = BF6E2A242543BC8D00AF7751 /* LaunchScreen.storyboard */; };
/* End PBXBuildFile section */

/* Begin PBXFileReference section */
		BF6E2A162543BC8B00AF7751 /* loudly.app */ = {isa = PBXFileReference; explicitFileType = wrapper.application; includeInIndex = 0; path = loudly.app; sourceTree = BUILT_PRODUCTS_DIR; };
		BF6E2A192543BC8B00AF7751 /* AppDelegate.swift */ = {isa = PBXFileReference; lastKnownFileType = sourcecode.swift; path = AppDelegate.swift; sourceTree = "<group>"; };
		BF6E2A1B2543BC8B00AF7751 /* SceneDelegate.swift */ = {isa = PBXFileReference; lastKnownFileType = sourcecode.swift; path = SceneDelegate.swift; sourceTree = "<group>"; };
		BF6E2A1D2543BC8B00AF7751 /* ViewController.swift */ = {isa = PBXFileReference; lastKnownFileType = sourcecode.swift; path = ViewController.swift; sourceTree = "<group>"; };
		BF6E2A202543BC8B00AF7751 /* Base */ = {isa = PBXFileReference; lastKnownFileType = file.storyboard; name = Base; path = Base.lproj/Main.storyboard; sourceTree = "<group>"; };
		BF6E2A222543BC8D00AF7751 /* Assets.xcassets */ = {isa = PBXFileReference; lastKnownFileType = folder.assetcatalog; path = Assets.xcassets; sourceTree = "<group>"; };
		BF6E2A252543BC8D00AF7751 /* Base */ = {isa = PBXFileReference; lastKnownFileType = file.storyboard; name = Base; path = Base.lproj/LaunchScreen.storyboard; sourceTree = "<group>"; };
		BF6E2A272543BC8D00AF7751 /* Info.plist */ = {isa = PBXFileReference; lastKnownFileType = text.plist.xml; path = Info.plist; sourceTree = "<group>"; };
/* End PBXFileReference section */

/* Begin PBXFrameworksBuildPhase section */
		BF6E2A132543BC8B00AF7751 /* Frameworks */ = {
			isa = PBXFrameworksBuildPhase;
			buildActionMask = 2147483647;
			files = (
			);
			runOnlyForDeploymentPostprocessing = 0;
		};
/* End PBXFrameworksBuildPhase section */

/* Begin PBXGroup section */
		BF6E2A0D2543BC8B00AF7751 = {
			isa = PBXGroup;
			children = (
				BF6E2A182543BC8B00AF7751 /* loudly */,
				BF6E2A172543BC8B00AF7751 /* Products */,
			);
			sourceTree = "<group>";
		};
		BF6E2A172543BC8B00AF7751 /* Products */ = {
			isa = PBXGroup;
			children = (
				BF6E2A162543BC8B00AF7751 /* loudly.app */,
			);
			name = Products;
			sourceTree = "<group>";
		};
		BF6E2A182543BC8B00AF7751 /* loudly */ = {
			isa = PBXGroup;
			children = (
				BF6E2A192543BC8B00AF7751 /* AppDelegate.swift */,
				BF6E2A1B2543BC8B00AF7751 /* SceneDelegate.swift */,
				BF6E2A1D2543BC8B00AF7751 /* ViewController.swift */,
				BF6E2A1F2543BC8B00AF7751 /* Main.storyboard */,
				BF6E2A222543BC8D00AF7751 /* Assets.xcassets */,
				BF6E2A242543BC8D00AF7751 /* LaunchScreen.storyboard */,
				BF6E2A272543BC8D00AF7751 /* Info.plist */,
			);
			path = loudly;
			sourceTree = "<group>";
		};
/* End PBXGroup section */

/* Begin PBXNativeTarget section */
		BF6E2A152543BC8B00AF7751 /* loudly */ = {
			isa = PBXNativeTarget;
			buildConfigurationList = BF6E2A2A2543BC8D00AF7751 /* Build configuration list for PBXNativeTarget "loudly" */;
			buildPhases = (
				BF6E2A122543BC8B00AF7751 /* Sources */,
				BF6E2A132543BC8B00AF7751 /* Frameworks */,
				BF6E2A142543BC8B00AF7751 /* Resources */,
			);
			buildRules = (
			);
			dependencies = (
			);
			name = loudly;
			productName = loudly;
			productReference = BF6E2A162543BC8B00AF7751 /* loudly.app */;
			productType = "com.apple.product-type.application";
		};
/* End PBXNativeTarget section */

/* Begin PBXProject section */
		BF6E2A0E2543BC8B00AF7751 /* Project object */ = {
			isa = PBXProject;
			attributes = {
				LastSwiftUpdateCheck = 1100;
				LastUpgradeCheck = 1100;
				ORGANIZATIONNAME = "Maahd Shahzad";
				TargetAttributes = {
					BF6E2A152543BC8B00AF7751 = {
						CreatedOnToolsVersion = 11.0;
					};
				};
			};
			buildConfigurationList = BF6E2A112543BC8B00AF7751 /* Build configuration list for PBXProject "loudly" */;
			compatibilityVersion = "Xcode 9.3";
			developmentRegion = en;
			hasScannedForEncodings = 0;
			knownRegions = (
				en,
				Base,
			);
			mainGroup = BF6E2A0D2543BC8B00AF7751;
			productRefGroup = BF6E2A172543BC8B00AF7751 /* Products */;
			projectDirPath = "";
			projectRoot = "";
			targets = (
				BF6E2A152543BC8B00AF7751 /* loudly */,
			);
		};
/* End PBXProject section */

/* Begin PBXResourcesBuildPhase section */
		BF6E2A142543BC8B00AF7751 /* Resources */ = {
			isa = PBXResourcesBuildPhase;
			buildActionMask = 2147483647;
			files = (
				BF6E2A262543BC8D00AF7751 /* LaunchScreen.storyboard in Resources */,
				BF6E2A232543BC8D00AF7751 /* Assets.xcassets in Resources */,
				BF6E2A212543BC8B00AF7751 /* Main.storyboard in Resources */,
			);
			runOnlyForDeploymentPostprocessing = 0;
		};
/* End PBXResourcesBuildPhase section */

/* Begin PBXSourcesBuildPhase section */
		BF6E2A122543BC8B00AF7751 /* Sources */ = {
			isa = PBXSourcesBuildPhase;
			buildActionMask = 2147483647;
			files = (
				BF6E2A1E2543BC8B00AF7751 /* ViewController.swift in Sources */,
				BF6E2A1A2543BC8B00AF7751 /* AppDelegate.swift in Sources */,
				BF6E2A1C2543BC8B00AF7751 /* SceneDelegate.swift in Sources */,
			);
			runOnlyForDeploymentPostprocessing = 0;
		};
/* End PBXSourcesBuildPhase section */

/* Begin PBXVariantGroup section */
		BF6E2A1F2543BC8B00AF7751 /* Main.storyboard */ = {
			isa = PBXVariantGroup;
			children = (
				BF6E2A202543BC8B00AF7751 /* Base */,
			);
			name = Main.storyboard;
			sourceTree = "<group>";
		};
		BF6E2A242543BC8D00AF7751 /* LaunchScreen.storyboard */ = {
			isa = PBXVariantGroup;
			children = (
				BF6E2A252543BC8D00AF7751 /* Base */,
			);
			name = LaunchScreen.storyboard;
			sourceTree = "<group>";
		};
/* End PBXVariantGroup section */

/* Begin XCBuildConfiguration section */
		BF6E2A282543BC8D00AF7751 /* Debug */ = {
			isa = XCBuildConfiguration;
			buildSettings = {
				ALWAYS_SEARCH_USER_PATHS = NO;
				CLANG_ANALYZER_NONNULL = YES;
				CLANG_ANALYZER_NUMBER_OBJECT_CONVERSION = YES_AGGRESSIVE;
				CLANG_CXX_LANGUAGE_STANDARD = "gnu++14";
				CLANG_CXX_LIBRARY = "libc++";
				CLANG_ENABLE_MODULES = YES;
				CLANG_ENABLE_OBJC_ARC = YES;
				CLANG_ENABLE_OBJC_WEAK = YES;
				CLANG_WARN_BLOCK_CAPTURE_AUTORELEASING = YES;
				CLANG_WARN_BOOL_CONVERSION = YES;
				CLANG_WARN_COMMA = YES;
				CLANG_WARN_CONSTANT_CONVERSION = YES;
				CLANG_WARN_DEPRECATED_OBJC_IMPLEMENTATIONS = YES;
				CLANG_WARN_DIRECT_OBJC_ISA_USAGE = YES_ERROR;
				CLANG_WARN_DOCUMENTATION_COMMENTS = YES;
				CLANG_WARN_EMPTY_BODY = YES;
				CLANG_WARN_ENUM_CONVERSION = YES;
				CLANG_WARN_INFINITE_RECURSION = YES;
				CLANG_WARN_INT_CONVERSION = YES;
				CLANG_WARN_NON_LITERAL_NULL_CONVERSION = YES;
				CLANG_WARN_OBJC_IMPLICIT_RETAIN_SELF = YES;
				CLANG_WARN_OBJC_LITERAL_CONVERSION = YES;
				CLANG_WARN_OBJC_ROOT_CLASS = YES_ERROR;
				CLANG_WARN_RANGE_LOOP_ANALYSIS = YES;
				CLANG_WARN_STRICT_PROTOTYPES = YES;
				CLANG_WARN_SUSPICIOUS_MOVE = YES;
				CLANG_WARN_UNGUARDED_AVAILABILITY = YES_AGGRESSIVE;
				CLANG_WARN_UNREACHABLE_CODE = YES;
				CLANG_WARN__DUPLICATE_METHOD_MATCH = YES;
				COPY_PHASE_STRIP = NO;
				DEBUG_INFORMATION_FORMAT = dwarf;
				ENABLE_STRICT_OBJC_MSGSEND = YES;
				ENABLE_TESTABILITY = YES;
				GCC_C_LANGUAGE_STANDARD = gnu11;
				GCC_DYNAMIC_NO_PIC = NO;
				GCC_NO_COMMON_BLOCKS = YES;
				GCC_OPTIMIZATION_LEVEL = 0;
				GCC_PREPROCESSOR_DEFINITIONS = (
					"DEBUG=1",
					"$(inherited)",
				);
				GCC_WARN_64_TO_32_BIT_CONVERSION = YES;
				GCC_WARN_ABOUT_RETURN_TYPE = YES_ERROR;
				GCC_WARN_UNDECLARED_SELECTOR = YES;
				GCC_WARN_UNINITIALIZED_AUTOS = YES_AGGRESSIVE;
				GCC_WARN_UNUSED_FUNCTION = YES;
				GCC_WARN_UNUSED_VARIABLE = YES;
				IPHONEOS_DEPLOYMENT_TARGET = 13.0;
				MTL_ENABLE_DEBUG_INFO = INCLUDE_SOURCE;
				MTL_FAST_MATH = YES;
				ONLY_ACTIVE_ARCH = YES;
				SDKROOT = iphoneos;
				SWIFT_ACTIVE_COMPILATION_CONDITIONS = DEBUG;
				SWIFT_OPTIMIZATION_LEVEL = "-Onone";
			};
			name = Debug;
		};
		BF6E2A292543BC8D00AF7751 /* Release */ = {
			isa = XCBuildConfiguration;
			buildSettings = {
				ALWAYS_SEARCH_USER_PATHS = NO;
				CLANG_ANALYZER_NONNULL = YES;
				CLANG_ANALYZER_NUMBER_OBJECT_CONVERSION = YES_AGGRESSIVE;
				CLANG_CXX_LANGUAGE_STANDARD = "gnu++14";
				CLANG_CXX_LIBRARY = "libc++";
				CLANG_ENABLE_MODULES = YES;
				CLANG_ENABLE_OBJC_ARC = YES;
				CLANG_ENABLE_OBJC_WEAK = YES;
				CLANG_WARN_BLOCK_CAPTURE_AUTORELEASING = YES;
				CLANG_WARN_BOOL_CONVERSION = YES;
				CLANG_WARN_COMMA = YES;
				CLANG_WARN_CONSTANT_CONVERSION = YES;
				CLANG_WARN_DEPRECATED_OBJC_IMPLEMENTATIONS = YES;
				CLANG_WARN_DIRECT_OBJC_ISA_USAGE = YES_ERROR;
				CLANG_WARN_DOCUMENTATION_COMMENTS = YES;
				CLANG_WARN_EMPTY_BODY = YES;
				CLANG_WARN_ENUM_CONVERSION = YES;
				CLANG_WARN_INFINITE_RECURSION = YES;
				CLANG_WARN_INT_CONVERSION = YES;
				CLANG_WARN_NON_LITERAL_NULL_CONVERSION = YES;
				CLANG_WARN_OBJC_IMPLICIT_RETAIN_SELF = YES;
				CLANG_WARN_OBJC_LITERAL_CONVERSION = YES;
				CLANG_WARN_OBJC_ROOT_CLASS = YES_ERROR;
				CLANG_WARN_RANGE_LOOP_ANALYSIS = YES;
				CLANG_WARN_STRICT_PROTOTYPES = YES;
				CLANG_WARN_SUSPICIOUS_MOVE = YES;
				CLANG_WARN_UNGUARDED_AVAILABILITY = YES_AGGRESSIVE;
				CLANG_WARN_UNREACHABLE_CODE = YES;
				CLANG_WARN__DUPLICATE_METHOD_MATCH = YES;
				COPY_PHASE_STRIP = NO;
				DEBUG_INFORMATION_FORMAT = "dwarf-with-dsym";
				ENABLE_NS_ASSERTIONS = NO;
				ENABLE_STRICT_OBJC_MSGSEND = YES;
				GCC_C_LANGUAGE_STANDARD = gnu11;
				GCC_NO_COMMON_BLOCKS = YES;
				GCC_WARN_64_TO_32_BIT_CONVERSION = YES;
				GCC_WARN_ABOUT_RETURN_TYPE = YES_ERROR;
				GCC_WARN_UNDECLARED_SELECTOR = YES;
				GCC_WARN_UNINITIALIZED_AUTOS = YES_AGGRESSIVE;
				GCC_WARN_UNUSED_FUNCTION = YES;
				GCC_WARN_UNUSED_VARIABLE = YES;
				IPHONEOS_DEPLOYMENT_TARGET = 13.0;
				MTL_ENABLE_DEBUG_INFO = NO;
				MTL_FAST_MATH = YES;
				SDKROOT = iphoneos;
				SWIFT_COMPILATION_MODE = wholemodule;
				SWIFT_OPTIMIZATION_LEVEL = "-O";
				VALIDATE_PRODUCT = YES;
			};
			name = Release;
		};
		BF6E2A2B2543BC8D00AF7751 /* Debug */ = {
			isa = XCBuildConfiguration;
			buildSettings = {
				ASSETCATALOG_COMPILER_APPICON_NAME = AppIcon;
				CODE_SIGN_STYLE = Automatic;
				DEVELOPMENT_TEAM = K77A2S8MMP;
				INFOPLIST_FILE = loudly/Info.plist;
				LD_RUNPATH_SEARCH_PATHS = (
					"$(inherited)",
					"@executable_path/Frameworks",
				);
				PRODUCT_BUNDLE_IDENTIFIER = com.maahd.loudly;
				PRODUCT_NAME = "$(TARGET_NAME)";
				SWIFT_VERSION = 5.0;
				TARGETED_DEVICE_FAMILY = "1,2";
			};
			name = Debug;
		};
		BF6E2A2C2543BC8D00AF7751 /* Release */ = {
			isa = XCBuildConfiguration;
			buildSettings = {
				ASSETCATALOG_COMPILER_APPICON_NAME = AppIcon;
				CODE_SIGN_STYLE = Automatic;
				DEVELOPMENT_TEAM = K77A2S8MMP;
				INFOPLIST_FILE = loudly/Info.plist;
				LD_RUNPATH_SEARCH_PATHS = (
					"$(inherited)",
					"@executable_path/Frameworks",
				);
				PRODUCT_BUNDLE_IDENTIFIER = com.maahd.loudly;
				PRODUCT_NAME = "$(TARGET_NAME)";
				SWIFT_VERSION = 5.0;
				TARGETED_DEVICE_FAMILY = "1,2";
			};
			name = Release;
		};
/* End XCBuildConfiguration section */

/* Begin XCConfigurationList section */
		BF6E2A112543BC8B00AF7751 /* Build configuration list for PBXProject "loudly" */ = {
			isa = XCConfigurationList;
			buildConfigurations = (
				BF6E2A282543BC8D00AF7751 /* Debug */,
				BF6E2A292543BC8D00AF7751 /* Release */,
			);
			defaultConfigurationIsVisible = 0;
			defaultConfigurationName = Release;
		};
		BF6E2A2A2543BC8D00AF7751 /* Build configuration list for PBXNativeTarget "loudly" */ = {
			isa = XCConfigurationList;
			buildConfigurations = (
				BF6E2A2B2543BC8D00AF7751 /* Debug */,
				BF6E2A2C2543BC8D00AF7751 /* Release */,
			);
			defaultConfigurationIsVisible = 0;
			defaultConfigurationName = Release;
		};
/* End XCConfigurationList section */
	};
	rootObject = BF6E2A0E2543BC8B00AF7751 /* Project object */;
}
